{
	"name": "open-local",
	"version": "1.0.0",
	"lockfileVersion": 2,
	"requires": true,
	"packages": {
		"": {
			"name": "open-local",
			"version": "1.0.0",
			"license": "ISC",
			"dependencies": {
				"enquirer": "^2.3.6",
				"esm": "^3.2.25"
			},
			"bin": {
				"lo": "bin/open-local"
			}
		},
		"node_modules/ansi-colors": {
			"version": "4.1.1",
			"license": "MIT",
			"engines": {
				"node": ">=6"
			}
		},
		"node_modules/enquirer": {
			"version": "2.3.6",
			"license": "MIT",
			"dependencies": {
				"ansi-colors": "^4.1.1"
			},
			"engines": {
				"node": ">=8.6"
			}
		},
		"node_modules/esm": {
			"version": "3.2.25",
			"license": "MIT",
			"engines": {
				"node": ">=6"
			}
		}
	},
	"dependencies": {
		"ansi-colors": {
			"version": "4.1.1"
		},
		"enquirer": {
			"version": "2.3.6",
			"requires": {
				"ansi-colors": "^4.1.1"
			}
		},
		"esm": {
			"version": "3.2.25"
		}
	}
}
